// !$*UTF8*$!
{
	archiveVersion = 1;
	classes = {
	};
	objectVersion = 48;
	objects = {

/* Begin PBXBuildFile section */
		25763E6C1F76A8CA00C93DBF /* STNScrollBarThumb.h in Headers */ = {isa = PBXBuildFile; fileRef = 25763E6A1F76A8CA00C93DBF /* STNScrollBarThumb.h */; };
		25763E6D1F76A8CA00C93DBF /* STNScrollBarThumb.m in Sources */ = {isa = PBXBuildFile; fileRef = 25763E6B1F76A8CA00C93DBF /* STNScrollBarThumb.m */; };
		25763E701F76A9AD00C93DBF /* CATransaction+STNScrollBar.h in Headers */ = {isa = PBXBuildFile; fileRef = 25763E6E1F76A9AD00C93DBF /* CATransaction+STNScrollBar.h */; };
		25763E711F76A9AD00C93DBF /* CATransaction+STNScrollBar.m in Sources */ = {isa = PBXBuildFile; fileRef = 25763E6F1F76A9AD00C93DBF /* CATransaction+STNScrollBar.m */; };
		25763E741F76AB3200C93DBF /* UIScrollView+STNScrollBar.h in Headers */ = {isa = PBXBuildFile; fileRef = 25763E721F76AB3200C93DBF /* UIScrollView+STNScrollBar.h */; };
		25763E751F76AB3200C93DBF /* UIScrollView+STNScrollBar.m in Sources */ = {isa = PBXBuildFile; fileRef = 25763E731F76AB3200C93DBF /* UIScrollView+STNScrollBar.m */; };
		25A1BCB61F765F9200E1DA92 /* STNScrollBarControl.framework in Frameworks */ = {isa = PBXBuildFile; fileRef = 25A1BCAC1F765F9200E1DA92 /* STNScrollBarControl.framework */; };
		25A1BCBB1F765F9200E1DA92 /* STNScrollBarControlTests.m in Sources */ = {isa = PBXBuildFile; fileRef = 25A1BCBA1F765F9200E1DA92 /* STNScrollBarControlTests.m */; };
		25A1BCBD1F765F9200E1DA92 /* STNScrollBarControl.h in Headers */ = {isa = PBXBuildFile; fileRef = 25A1BCAF1F765F9200E1DA92 /* STNScrollBarControl.h */; settings = {ATTRIBUTES = (Public, ); }; };
		25A1BCD61F7660C200E1DA92 /* STNScrollBar.h in Headers */ = {isa = PBXBuildFile; fileRef = 25A1BCD41F7660C200E1DA92 /* STNScrollBar.h */; settings = {ATTRIBUTES = (Public, ); }; };
		25A1BCD71F7660C200E1DA92 /* STNScrollBar.m in Sources */ = {isa = PBXBuildFile; fileRef = 25A1BCD51F7660C200E1DA92 /* STNScrollBar.m */; };
/* End PBXBuildFile section */

/* Begin PBXContainerItemProxy section */
		25A1BCB71F765F9200E1DA92 /* PBXContainerItemProxy */ = {
			isa = PBXContainerItemProxy;
			containerPortal = 25A1BCA31F765F9100E1DA92 /* Project object */;
			proxyType = 1;
			remoteGlobalIDString = 25A1BCAB1F765F9200E1DA92;
			remoteInfo = STNScrollBarControl;
		};
/* End PBXContainerItemProxy section */

/* Begin PBXFileReference section */
		25763E6A1F76A8CA00C93DBF /* STNScrollBarThumb.h */ = {isa = PBXFileReference; lastKnownFileType = sourcecode.c.h; path = STNScrollBarThumb.h; sourceTree = "<group>"; };
		25763E6B1F76A8CA00C93DBF /* STNScrollBarThumb.m */ = {isa = PBXFileReference; lastKnownFileType = sourcecode.c.objc; path = STNScrollBarThumb.m; sourceTree = "<group>"; };
		25763E6E1F76A9AD00C93DBF /* CATransaction+STNScrollBar.h */ = {isa = PBXFileReference; lastKnownFileType = sourcecode.c.h; path = "CATransaction+STNScrollBar.h"; sourceTree = "<group>"; };
		25763E6F1F76A9AD00C93DBF /* CATransaction+STNScrollBar.m */ = {isa = PBXFileReference; lastKnownFileType = sourcecode.c.objc; path = "CATransaction+STNScrollBar.m"; sourceTree = "<group>"; };
		25763E721F76AB3200C93DBF /* UIScrollView+STNScrollBar.h */ = {isa = PBXFileReference; lastKnownFileType = sourcecode.c.h; path = "UIScrollView+STNScrollBar.h"; sourceTree = "<group>"; };
		25763E731F76AB3200C93DBF /* UIScrollView+STNScrollBar.m */ = {isa = PBXFileReference; lastKnownFileType = sourcecode.c.objc; path = "UIScrollView+STNScrollBar.m"; sourceTree = "<group>"; };
		25A1BCAC1F765F9200E1DA92 /* STNScrollBarControl.framework */ = {isa = PBXFileReference; explicitFileType = wrapper.framework; includeInIndex = 0; path = STNScrollBarControl.framework; sourceTree = BUILT_PRODUCTS_DIR; };
		25A1BCAF1F765F9200E1DA92 /* STNScrollBarControl.h */ = {isa = PBXFileReference; lastKnownFileType = sourcecode.c.h; path = STNScrollBarControl.h; sourceTree = "<group>"; };
		25A1BCB01F765F9200E1DA92 /* Info.plist */ = {isa = PBXFileReference; lastKnownFileType = text.plist.xml; path = Info.plist; sourceTree = "<group>"; };
		25A1BCB51F765F9200E1DA92 /* STNScrollBarControlTests.xctest */ = {isa = PBXFileReference; explicitFileType = wrapper.cfbundle; includeInIndex = 0; path = STNScrollBarControlTests.xctest; sourceTree = BUILT_PRODUCTS_DIR; };
		25A1BCBA1F765F9200E1DA92 /* STNScrollBarControlTests.m */ = {isa = PBXFileReference; lastKnownFileType = sourcecode.c.objc; path = STNScrollBarControlTests.m; sourceTree = "<group>"; };
		25A1BCBC1F765F9200E1DA92 /* Info.plist */ = {isa = PBXFileReference; lastKnownFileType = text.plist.xml; path = Info.plist; sourceTree = "<group>"; };
		25A1BCD41F7660C200E1DA92 /* STNScrollBar.h */ = {isa = PBXFileReference; lastKnownFileType = sourcecode.c.h; path = STNScrollBar.h; sourceTree = "<group>"; };
		25A1BCD51F7660C200E1DA92 /* STNScrollBar.m */ = {isa = PBXFileReference; lastKnownFileType = sourcecode.c.objc; path = STNScrollBar.m; sourceTree = "<group>"; };
/* End PBXFileReference section */

/* Begin PBXFrameworksBuildPhase section */
		25A1BCA81F765F9200E1DA92 /* Frameworks */ = {
			isa = PBXFrameworksBuildPhase;
			buildActionMask = 2147483647;
			files = (
			);
			runOnlyForDeploymentPostprocessing = 0;
		};
		25A1BCB21F765F9200E1DA92 /* Frameworks */ = {
			isa = PBXFrameworksBuildPhase;
			buildActionMask = 2147483647;
			files = (
				25A1BCB61F765F9200E1DA92 /* STNScrollBarControl.framework in Frameworks */,
			);
			runOnlyForDeploymentPostprocessing = 0;
		};
/* End PBXFrameworksBuildPhase section */

/* Begin PBXGroup section */
		25A1BCA21F765F9100E1DA92 = {
			isa = PBXGroup;
			children = (
				25A1BCAE1F765F9200E1DA92 /* STNScrollBarControl */,
				25A1BCB91F765F9200E1DA92 /* STNScrollBarControlTests */,
				25A1BCAD1F765F9200E1DA92 /* Products */,
			);
			sourceTree = "<group>";
		};
		25A1BCAD1F765F9200E1DA92 /* Products */ = {
			isa = PBXGroup;
			children = (
				25A1BCAC1F765F9200E1DA92 /* STNScrollBarControl.framework */,
				25A1BCB51F765F9200E1DA92 /* STNScrollBarControlTests.xctest */,
			);
			name = Products;
			sourceTree = "<group>";
		};
		25A1BCAE1F765F9200E1DA92 /* STNScrollBarControl */ = {
			isa = PBXGroup;
			children = (
				25A1BCAF1F765F9200E1DA92 /* STNScrollBarControl.h */,
				25A1BCB01F765F9200E1DA92 /* Info.plist */,
				25A1BCD41F7660C200E1DA92 /* STNScrollBar.h */,
				25A1BCD51F7660C200E1DA92 /* STNScrollBar.m */,
				25763E6A1F76A8CA00C93DBF /* STNScrollBarThumb.h */,
				25763E6B1F76A8CA00C93DBF /* STNScrollBarThumb.m */,
				25763E6E1F76A9AD00C93DBF /* CATransaction+STNScrollBar.h */,
				25763E6F1F76A9AD00C93DBF /* CATransaction+STNScrollBar.m */,
				25763E721F76AB3200C93DBF /* UIScrollView+STNScrollBar.h */,
				25763E731F76AB3200C93DBF /* UIScrollView+STNScrollBar.m */,
			);
			path = STNScrollBarControl;
			sourceTree = "<group>";
		};
		25A1BCB91F765F9200E1DA92 /* STNScrollBarControlTests */ = {
			isa = PBXGroup;
			children = (
				25A1BCBA1F765F9200E1DA92 /* STNScrollBarControlTests.m */,
				25A1BCBC1F765F9200E1DA92 /* Info.plist */,
			);
			path = STNScrollBarControlTests;
			sourceTree = "<group>";
		};
/* End PBXGroup section */

/* Begin PBXHeadersBuildPhase section */
		25A1BCA91F765F9200E1DA92 /* Headers */ = {
			isa = PBXHeadersBuildPhase;
			buildActionMask = 2147483647;
			files = (
				25763E741F76AB3200C93DBF /* UIScrollView+STNScrollBar.h in Headers */,
				25763E701F76A9AD00C93DBF /* CATransaction+STNScrollBar.h in Headers */,
				25A1BCBD1F765F9200E1DA92 /* STNScrollBarControl.h in Headers */,
				25763E6C1F76A8CA00C93DBF /* STNScrollBarThumb.h in Headers */,
				25A1BCD61F7660C200E1DA92 /* STNScrollBar.h in Headers */,
			);
			runOnlyForDeploymentPostprocessing = 0;
		};
/* End PBXHeadersBuildPhase section */

/* Begin PBXNativeTarget section */
		25A1BCAB1F765F9200E1DA92 /* STNScrollBarControl */ = {
			isa = PBXNativeTarget;
			buildConfigurationList = 25A1BCC01F765F9200E1DA92 /* Build configuration list for PBXNativeTarget "STNScrollBarControl" */;
			buildPhases = (
				25A1BCA71F765F9200E1DA92 /* Sources */,
				25A1BCA81F765F9200E1DA92 /* Frameworks */,
				25A1BCA91F765F9200E1DA92 /* Headers */,
				25A1BCAA1F765F9200E1DA92 /* Resources */,
			);
			buildRules = (
			);
			dependencies = (
			);
			name = STNScrollBarControl;
			productName = STNScrollBarControl;
			productReference = 25A1BCAC1F765F9200E1DA92 /* STNScrollBarControl.framework */;
			productType = "com.apple.product-type.framework";
		};
		25A1BCB41F765F9200E1DA92 /* STNScrollBarControlTests */ = {
			isa = PBXNativeTarget;
			buildConfigurationList = 25A1BCC31F765F9200E1DA92 /* Build configuration list for PBXNativeTarget "STNScrollBarControlTests" */;
			buildPhases = (
				25A1BCB11F765F9200E1DA92 /* Sources */,
				25A1BCB21F765F9200E1DA92 /* Frameworks */,
				25A1BCB31F765F9200E1DA92 /* Resources */,
			);
			buildRules = (
			);
			dependencies = (
				25A1BCB81F765F9200E1DA92 /* PBXTargetDependency */,
			);
			name = STNScrollBarControlTests;
			productName = STNScrollBarControlTests;
			productReference = 25A1BCB51F765F9200E1DA92 /* STNScrollBarControlTests.xctest */;
			productType = "com.apple.product-type.bundle.unit-test";
		};
/* End PBXNativeTarget section */

/* Begin PBXProject section */
		25A1BCA31F765F9100E1DA92 /* Project object */ = {
			isa = PBXProject;
			attributes = {
				LastUpgradeCheck = 0900;
				ORGANIZATIONNAME = "Stone Zhang";
				TargetAttributes = {
					25A1BCAB1F765F9200E1DA92 = {
						CreatedOnToolsVersion = 9.0;
						ProvisioningStyle = Automatic;
					};
					25A1BCB41F765F9200E1DA92 = {
						CreatedOnToolsVersion = 9.0;
						ProvisioningStyle = Automatic;
					};
				};
			};
			buildConfigurationList = 25A1BCA61F765F9100E1DA92 /* Build configuration list for PBXProject "STNScrollBarControl" */;
			compatibilityVersion = "Xcode 8.0";
			developmentRegion = en;
			hasScannedForEncodings = 0;
			knownRegions = (
				en,
			);
			mainGroup = 25A1BCA21F765F9100E1DA92;
			productRefGroup = 25A1BCAD1F765F9200E1DA92 /* Products */;
			projectDirPath = "";
			projectRoot = "";
			targets = (
				25A1BCAB1F765F9200E1DA92 /* STNScrollBarControl */,
				25A1BCB41F765F9200E1DA92 /* STNScrollBarControlTests */,
			);
		};
/* End PBXProject section */

/* Begin PBXResourcesBuildPhase section */
		25A1BCAA1F765F9200E1DA92 /* Resources */ = {
			isa = PBXResourcesBuildPhase;
			buildActionMask = 2147483647;
			files = (
			);
			runOnlyForDeploymentPostprocessing = 0;
		};
		25A1BCB31F765F9200E1DA92 /* Resources */ = {
			isa = PBXResourcesBuildPhase;
			buildActionMask = 2147483647;
			files = (
			);
			runOnlyForDeploymentPostprocessing = 0;
		};
/* End PBXResourcesBuildPhase section */

/* Begin PBXSourcesBuildPhase section */
		25A1BCA71F765F9200E1DA92 /* Sources */ = {
			isa = PBXSourcesBuildPhase;
			buildActionMask = 2147483647;
			files = (
				25A1BCD71F7660C200E1DA92 /* STNScrollBar.m in Sources */,
				25763E711F76A9AD00C93DBF /* CATransaction+STNScrollBar.m in Sources */,
				25763E751F76AB3200C93DBF /* UIScrollView+STNScrollBar.m in Sources */,
				25763E6D1F76A8CA00C93DBF /* STNScrollBarThumb.m in Sources */,
			);
			runOnlyForDeploymentPostprocessing = 0;
		};
		25A1BCB11F765F9200E1DA92 /* Sources */ = {
			isa = PBXSourcesBuildPhase;
			buildActionMask = 2147483647;
			files = (
				25A1BCBB1F765F9200E1DA92 /* STNScrollBarControlTests.m in Sources */,
			);
			runOnlyForDeploymentPostprocessing = 0;
		};
/* End PBXSourcesBuildPhase section */

/* Begin PBXTargetDependency section */
		25A1BCB81F765F9200E1DA92 /* PBXTargetDependency */ = {
			isa = PBXTargetDependency;
			target = 25A1BCAB1F765F9200E1DA92 /* STNScrollBarControl */;
			targetProxy = 25A1BCB71F765F9200E1DA92 /* PBXContainerItemProxy */;
		};
/* End PBXTargetDependency section */

/* Begin XCBuildConfiguration section */
		25A1BCBE1F765F9200E1DA92 /* Debug */ = {
			isa = XCBuildConfiguration;
			buildSettings = {
				ALWAYS_SEARCH_USER_PATHS = NO;
				CLANG_ANALYZER_NONNULL = YES;
				CLANG_ANALYZER_NUMBER_OBJECT_CONVERSION = YES_AGGRESSIVE;
				CLANG_CXX_LANGUAGE_STANDARD = "gnu++14";
				CLANG_CXX_LIBRARY = "libc++";
				CLANG_ENABLE_MODULES = YES;
				CLANG_ENABLE_OBJC_ARC = YES;
				CLANG_WARN_BLOCK_CAPTURE_AUTORELEASING = YES;
				CLANG_WARN_BOOL_CONVERSION = YES;
				CLANG_WARN_COMMA = YES;
				CLANG_WARN_CONSTANT_CONVERSION = YES;
				CLANG_WARN_DIRECT_OBJC_ISA_USAGE = YES_ERROR;
				CLANG_WARN_DOCUMENTATION_COMMENTS = YES;
				CLANG_WARN_EMPTY_BODY = YES;
				CLANG_WARN_ENUM_CONVERSION = YES;
				CLANG_WARN_INFINITE_RECURSION = YES;
				CLANG_WARN_INT_CONVERSION = YES;
				CLANG_WARN_NON_LITERAL_NULL_CONVERSION = YES;
				CLANG_WARN_OBJC_LITERAL_CONVERSION = YES;
				CLANG_WARN_OBJC_ROOT_CLASS = YES_ERROR;
				CLANG_WARN_RANGE_LOOP_ANALYSIS = YES;
				CLANG_WARN_STRICT_PROTOTYPES = YES;
				CLANG_WARN_SUSPICIOUS_MOVE = YES;
				CLANG_WARN_UNGUARDED_AVAILABILITY = YES_AGGRESSIVE;
				CLANG_WARN_UNREACHABLE_CODE = YES;
				CLANG_WARN__DUPLICATE_METHOD_MATCH = YES;
				CODE_SIGN_IDENTITY = "iPhone Developer";
				COPY_PHASE_STRIP = NO;
				CURRENT_PROJECT_VERSION = 1;
				DEBUG_INFORMATION_FORMAT = dwarf;
				ENABLE_STRICT_OBJC_MSGSEND = YES;
				ENABLE_TESTABILITY = YES;
				GCC_C_LANGUAGE_STANDARD = gnu11;
				GCC_DYNAMIC_NO_PIC = NO;
				GCC_NO_COMMON_BLOCKS = YES;
				GCC_OPTIMIZATION_LEVEL = 0;
				GCC_PREPROCESSOR_DEFINITIONS = (
					"DEBUG=1",
					"$(inherited)",
				);
				GCC_WARN_64_TO_32_BIT_CONVERSION = YES;
				GCC_WARN_ABOUT_RETURN_TYPE = YES_ERROR;
				GCC_WARN_UNDECLARED_SELECTOR = YES;
				GCC_WARN_UNINITIALIZED_AUTOS = YES_AGGRESSIVE;
				GCC_WARN_UNUSED_FUNCTION = YES;
				GCC_WARN_UNUSED_VARIABLE = YES;
				IPHONEOS_DEPLOYMENT_TARGET = 11.0;
				MTL_ENABLE_DEBUG_INFO = YES;
				ONLY_ACTIVE_ARCH = YES;
				SDKROOT = iphoneos;
				VERSIONING_SYSTEM = "apple-generic";
				VERSION_INFO_PREFIX = "";
			};
			name = Debug;
		};
		25A1BCBF1F765F9200E1DA92 /* Release */ = {
			isa = XCBuildConfiguration;
			buildSettings = {
				ALWAYS_SEARCH_USER_PATHS = NO;
				CLANG_ANALYZER_NONNULL = YES;
				CLANG_ANALYZER_NUMBER_OBJECT_CONVERSION = YES_AGGRESSIVE;
				CLANG_CXX_LANGUAGE_STANDARD = "gnu++14";
				CLANG_CXX_LIBRARY = "libc++";
				CLANG_ENABLE_MODULES = YES;
				CLANG_ENABLE_OBJC_ARC = YES;
				CLANG_WARN_BLOCK_CAPTURE_AUTORELEASING = YES;
				CLANG_WARN_BOOL_CONVERSION = YES;
				CLANG_WARN_COMMA = YES;
				CLANG_WARN_CONSTANT_CONVERSION = YES;
				CLANG_WARN_DIRECT_OBJC_ISA_USAGE = YES_ERROR;
				CLANG_WARN_DOCUMENTATION_COMMENTS = YES;
				CLANG_WARN_EMPTY_BODY = YES;
				CLANG_WARN_ENUM_CONVERSION = YES;
				CLANG_WARN_INFINITE_RECURSION = YES;
				CLANG_WARN_INT_CONVERSION = YES;
				CLANG_WARN_NON_LITERAL_NULL_CONVERSION = YES;
				CLANG_WARN_OBJC_LITERAL_CONVERSION = YES;
				CLANG_WARN_OBJC_ROOT_CLASS = YES_ERROR;
				CLANG_WARN_RANGE_LOOP_ANALYSIS = YES;
				CLANG_WARN_STRICT_PROTOTYPES = YES;
				CLANG_WARN_SUSPICIOUS_MOVE = YES;
				CLANG_WARN_UNGUARDED_AVAILABILITY = YES_AGGRESSIVE;
				CLANG_WARN_UNREACHABLE_CODE = YES;
				CLANG_WARN__DUPLICATE_METHOD_MATCH = YES;
				CODE_SIGN_IDENTITY = "iPhone Developer";
				COPY_PHASE_STRIP = NO;
				CURRENT_PROJECT_VERSION = 1;
				DEBUG_INFORMATION_FORMAT = "dwarf-with-dsym";
				ENABLE_NS_ASSERTIONS = NO;
				ENABLE_STRICT_OBJC_MSGSEND = YES;
				GCC_C_LANGUAGE_STANDARD = gnu11;
				GCC_NO_COMMON_BLOCKS = YES;
				GCC_WARN_64_TO_32_BIT_CONVERSION = YES;
				GCC_WARN_ABOUT_RETURN_TYPE = YES_ERROR;
				GCC_WARN_UNDECLARED_SELECTOR = YES;
				GCC_WARN_UNINITIALIZED_AUTOS = YES_AGGRESSIVE;
				GCC_WARN_UNUSED_FUNCTION = YES;
				GCC_WARN_UNUSED_VARIABLE = YES;
				IPHONEOS_DEPLOYMENT_TARGET = 11.0;
				MTL_ENABLE_DEBUG_INFO = NO;
				SDKROOT = iphoneos;
				VALIDATE_PRODUCT = YES;
				VERSIONING_SYSTEM = "apple-generic";
				VERSION_INFO_PREFIX = "";
			};
			name = Release;
		};
		25A1BCC11F765F9200E1DA92 /* Debug */ = {
			isa = XCBuildConfiguration;
			buildSettings = {
				CODE_SIGN_IDENTITY = "";
				CODE_SIGN_STYLE = Automatic;
				DEFINES_MODULE = YES;
				DYLIB_COMPATIBILITY_VERSION = 1;
				DYLIB_CURRENT_VERSION = 1;
				DYLIB_INSTALL_NAME_BASE = "@rpath";
				INFOPLIST_FILE = STNScrollBarControl/Info.plist;
				INSTALL_PATH = "$(LOCAL_LIBRARY_DIR)/Frameworks";
				LD_RUNPATH_SEARCH_PATHS = "$(inherited) @executable_path/Frameworks @loader_path/Frameworks";
				PRODUCT_BUNDLE_IDENTIFIER = stone.STNScrollBarControl;
				PRODUCT_NAME = "$(TARGET_NAME:c99extidentifier)";
				SKIP_INSTALL = YES;
				TARGETED_DEVICE_FAMILY = "1,2";
			};
			name = Debug;
		};
		25A1BCC21F765F9200E1DA92 /* Release */ = {
			isa = XCBuildConfiguration;
			buildSettings = {
				CODE_SIGN_IDENTITY = "";
				CODE_SIGN_STYLE = Automatic;
				DEFINES_MODULE = YES;
				DYLIB_COMPATIBILITY_VERSION = 1;
				DYLIB_CURRENT_VERSION = 1;
				DYLIB_INSTALL_NAME_BASE = "@rpath";
				INFOPLIST_FILE = STNScrollBarControl/Info.plist;
				INSTALL_PATH = "$(LOCAL_LIBRARY_DIR)/Frameworks";
				LD_RUNPATH_SEARCH_PATHS = "$(inherited) @executable_path/Frameworks @loader_path/Frameworks";
				PRODUCT_BUNDLE_IDENTIFIER = stone.STNScrollBarControl;
				PRODUCT_NAME = "$(TARGET_NAME:c99extidentifier)";
				SKIP_INSTALL = YES;
				TARGETED_DEVICE_FAMILY = "1,2";
			};
			name = Release;
		};
		25A1BCC41F765F9200E1DA92 /* Debug */ = {
			isa = XCBuildConfiguration;
			buildSettings = {
				CODE_SIGN_STYLE = Automatic;
				INFOPLIST_FILE = STNScrollBarControlTests/Info.plist;
				LD_RUNPATH_SEARCH_PATHS = "$(inherited) @executable_path/Frameworks @loader_path/Frameworks";
				PRODUCT_BUNDLE_IDENTIFIER = stone.STNScrollBarControlTests;
				PRODUCT_NAME = "$(TARGET_NAME)";
				TARGETED_DEVICE_FAMILY = "1,2";
			};
			name = Debug;
		};
		25A1BCC51F765F9200E1DA92 /* Release */ = {
			isa = XCBuildConfiguration;
			buildSettings = {
				CODE_SIGN_STYLE = Automatic;
				INFOPLIST_FILE = STNScrollBarControlTests/Info.plist;
				LD_RUNPATH_SEARCH_PATHS = "$(inherited) @executable_path/Frameworks @loader_path/Frameworks";
				PRODUCT_BUNDLE_IDENTIFIER = stone.STNScrollBarControlTests;
				PRODUCT_NAME = "$(TARGET_NAME)";
				TARGETED_DEVICE_FAMILY = "1,2";
			};
			name = Release;
		};
/* End XCBuildConfiguration section */

/* Begin XCConfigurationList section */
		25A1BCA61F765F9100E1DA92 /* Build configuration list for PBXProject "STNScrollBarControl" */ = {
			isa = XCConfigurationList;
			buildConfigurations = (
				25A1BCBE1F765F9200E1DA92 /* Debug */,
				25A1BCBF1F765F9200E1DA92 /* Release */,
			);
			defaultConfigurationIsVisible = 0;
			defaultConfigurationName = Release;
		};
		25A1BCC01F765F9200E1DA92 /* Build configuration list for PBXNativeTarget "STNScrollBarControl" */ = {
			isa = XCConfigurationList;
			buildConfigurations = (
				25A1BCC11F765F9200E1DA92 /* Debug */,
				25A1BCC21F765F9200E1DA92 /* Release */,
			);
			defaultConfigurationIsVisible = 0;
			defaultConfigurationName = Release;
		};
		25A1BCC31F765F9200E1DA92 /* Build configuration list for PBXNativeTarget "STNScrollBarControlTests" */ = {
			isa = XCConfigurationList;
			buildConfigurations = (
				25A1BCC41F765F9200E1DA92 /* Debug */,
				25A1BCC51F765F9200E1DA92 /* Release */,
			);
			defaultConfigurationIsVisible = 0;
			defaultConfigurationName = Release;
		};
/* End XCConfigurationList section */
	};
	rootObject = 25A1BCA31F765F9100E1DA92 /* Project object */;
}
